<?xml version="1.0" encoding="utf-8" standalone="no"?>
<Scheme version="2.0" LastUpgradeVersion="1000">
	<AnalyzeAction buildConfiguration="Debug" />
	<ArchiveAction revealArchiveInOrganizer="YES" buildConfiguration="Release" />
	<TestAction codeCoverageEnabled="NO" shouldUseLaunchSchemeArgsEnv="YES" selectedDebuggerIdentifier="Xcode.DebuggerFoundation.Debugger.LLDB" selectedLauncherIdentifier="Xcode.DebuggerFoundation.Launcher.LLDB" buildConfiguration="Debug">
		<Testables>
			<TestableReference skipped="NO">
				<BuildableReference ReferencedContainer="container:SwiftShot.xcodeproj" BlueprintName="SwiftShotTests" BuildableName="SwiftShotTests.xctest" BuildableIdentifier="primary" BlueprintIdentifier="D0066D472057259600A7E863" />
			</TestableReference>
		</Testables>
		<MacroExpansion>
			<BuildableReference ReferencedContainer="container:SwiftShot.xcodeproj" BlueprintName="SwiftShot" BuildableName="SwiftShot.app" BuildableIdentifier="primary" BlueprintIdentifier="D0066D312057259500A7E863" />
		</MacroExpansion>
	</TestAction>
	<ProfileAction debugDocumentVersioning="YES" shouldUseLaunchSchemeArgsEnv="YES" useCustomWorkingDirectory="NO" buildConfiguration="Release" savedToolIdentifier="">
		<BuildableProductRunnable runnableDebuggingMode="0">
			<BuildableReference ReferencedContainer="container:SwiftShot.xcodeproj" BlueprintName="SwiftShot" BuildableName="SwiftShot.app" BuildableIdentifier="primary" BlueprintIdentifier="D0066D312057259500A7E863" />
		</BuildableProductRunnable>
	</ProfileAction>
	<BuildAction buildImplicitDependencies="YES" parallelizeBuildables="YES">
		<BuildActionEntries>
			<BuildActionEntry buildForAnalyzing="YES" buildForRunning="YES" buildForTesting="YES" buildForProfiling="YES" buildForArchiving="YES">
				<BuildableReference ReferencedContainer="container:SwiftShot.xcodeproj" BlueprintName="SwiftShot" BuildableName="SwiftShot.app" BuildableIdentifier="primary" BlueprintIdentifier="D0066D312057259500A7E863" />
			</BuildActionEntry>
		</BuildActionEntries>
	</BuildAction>
	<LaunchAction useCustomWorkingDirectory="NO" debugServiceExtension="internal" allowLocationSimulation="YES" ignoresPersistentStateOnLaunch="NO" buildConfiguration="Debug" debugDocumentVersioning="YES" selectedDebuggerIdentifier="Xcode.DebuggerFoundation.Debugger.LLDB" selectedLauncherIdentifier="Xcode.DebuggerFoundation.Launcher.LLDB" launchStyle="0">
		<BuildableProductRunnable runnableDebuggingMode="0">
			<BuildableReference ReferencedContainer="container:SwiftShot.xcodeproj" BlueprintName="SwiftShot" BuildableName="SwiftShot.app" BuildableIdentifier="primary" BlueprintIdentifier="D0066D312057259500A7E863" />
		</BuildableProductRunnable>
	</LaunchAction>
</Scheme>